
Microsoft Visual Studio Solution File, Format Version 12.00
Project("{2150E333-8FDC-42A3-9474-1A3956D46DE8}") = "Catalog", "Catalog", "{BB3CA370-32B6-474F-B553-50171363E8C4}"
EndProject
Project("{FAE04EC0-301F-11D3-BF4B-00C04F79EFBC}") = "Catalog.Host", "Catalog.Host\Catalog.Host.csproj", "{EC763E65-662A-47A0-AE4A-AEB215C48026}"
EndProject
Global
	GlobalSection(SolutionConfigurationPlatforms) = preSolution
		Debug|Any CPU = Debug|Any CPU
		Release|Any CPU = Release|Any CPU
	EndGlobalSection
	GlobalSection(ProjectConfigurationPlatforms) = postSolution
		{EC763E65-662A-47A0-AE4A-AEB215C48026}.Debug|Any CPU.ActiveCfg = Debug|Any CPU
		{EC763E65-662A-47A0-AE4A-AEB215C48026}.Debug|Any CPU.Build.0 = Debug|Any CPU
		{EC763E65-662A-47A0-AE4A-AEB215C48026}.Release|Any CPU.ActiveCfg = Release|Any CPU
		{EC763E65-662A-47A0-AE4A-AEB215C48026}.Release|Any CPU.Build.0 = Release|Any CPU
	EndGlobalSection
	GlobalSection(NestedProjects) = preSolution
		{EC763E65-662A-47A0-AE4A-AEB215C48026} = {BB3CA370-32B6-474F-B553-50171363E8C4}
	EndGlobalSection
EndGlobal
