
Microsoft Visual Studio Solution File, Format Version 12.00
Project("{2150E333-8FDC-42A3-9474-1A3956D46DE8}") = "Catalog", "Catalog", "{E769E2A0-66AF-44D6-9300-C45D3889E06A}"
EndProject
Project("{FAE04EC0-301F-11D3-BF4B-00C04F79EFBC}") = "Catalog.Host", "Catalog\Catalog.Host\Catalog.Host.csproj", "{6A8E9683-762E-4E83-BD60-75822AC8265D}"
EndProject
Project("{2150E333-8FDC-42A3-9474-1A3956D46DE8}") = "SolutionItems", "SolutionItems", "{DCFFDCA1-598D-4EA6-AAF6-4BE647B27C32}"
	ProjectSection(SolutionItems) = preProject
		docker-compose.yml = docker-compose.yml
		settings.ruleset = settings.ruleset
	EndProjectSection
EndProject
Project("{2150E333-8FDC-42A3-9474-1A3956D46DE8}") = "Infrastructure", "Infrastructure", "{A6C7B2CD-2199-497C-9EF5-32274390D2D7}"
EndProject
Project("{FAE04EC0-301F-11D3-BF4B-00C04F79EFBC}") = "Infrastructure", "Infrastructure\Infrastructure\Infrastructure.csproj", "{C877F308-7870-433C-AA13-DE7DBC3675B9}"
EndProject
Project("{FAE04EC0-301F-11D3-BF4B-00C04F79EFBC}") = "Infrastructure.UnitTests", "Infrastructure\Infrastructure.UnitTests\Infrastructure.UnitTests.csproj", "{6C0F8AFA-EB48-430A-A9B2-B463B15CFE0C}"
EndProject
Project("{FAE04EC0-301F-11D3-BF4B-00C04F79EFBC}") = "Catalog.UnitTests", "Catalog\Catalog.UnitTests\Catalog.UnitTests.csproj", "{50A47D49-5E76-4531-9846-D91FD2A2A0DF}"
EndProject
Project("{2150E333-8FDC-42A3-9474-1A3956D46DE8}") = "Proxy", "Proxy", "{9FB1E3AC-A22E-4D46-8353-BFDB8A131B62}"
EndProject
Project("{2150E333-8FDC-42A3-9474-1A3956D46DE8}") = "assets", "assets", "{43DABB8B-B5DC-422E-A2C4-5FB2A4DF6B9C}"
EndProject
Project("{2150E333-8FDC-42A3-9474-1A3956D46DE8}") = "images", "images", "{750CFDBC-E618-4CF4-B31A-89A6CF62AE15}"
	ProjectSection(SolutionItems) = preProject
		Proxy\assets\images\1.png = Proxy\assets\images\1.png
		Proxy\assets\images\2.png = Proxy\assets\images\2.png
		Proxy\assets\images\3.png = Proxy\assets\images\3.png
		Proxy\assets\images\4.png = Proxy\assets\images\4.png
		Proxy\assets\images\5.png = Proxy\assets\images\5.png
		Proxy\assets\images\6.png = Proxy\assets\images\6.png
		Proxy\assets\images\7.png = Proxy\assets\images\7.png
		Proxy\assets\images\8.png = Proxy\assets\images\8.png
		Proxy\assets\images\9.png = Proxy\assets\images\9.png
		Proxy\assets\images\10.png = Proxy\assets\images\10.png
		Proxy\assets\images\11.png = Proxy\assets\images\11.png
		Proxy\assets\images\12.png = Proxy\assets\images\12.png
		Proxy\assets\images\13.png = Proxy\assets\images\13.png
		Proxy\assets\images\14.png = Proxy\assets\images\14.png
	EndProjectSection
EndProject
Project("{2150E333-8FDC-42A3-9474-1A3956D46DE8}") = "gateway", "gateway", "{BBB8552A-32D0-4EF4-BEB6-634E765CD646}"
EndProject
Project("{2150E333-8FDC-42A3-9474-1A3956D46DE8}") = "nginx", "nginx", "{CDCF0D0C-594A-4A3E-A2FF-CD1A897E8B28}"
EndProject
Project("{2150E333-8FDC-42A3-9474-1A3956D46DE8}") = "conf.d", "conf.d", "{1C8DB7D6-4231-4C77-BB9D-F78DB4D92779}"
	ProjectSection(SolutionItems) = preProject
		Proxy\gateway\nginx\conf.d\default.conf = Proxy\gateway\nginx\conf.d\default.conf
	EndProjectSection
EndProject
Project("{2150E333-8FDC-42A3-9474-1A3956D46DE8}") = "Web", "Web", "{302FC4AE-1929-4839-95B6-18CB0D941F11}"
EndProject
Project("{FAE04EC0-301F-11D3-BF4B-00C04F79EFBC}") = "MVC", "Web\MVC\MVC.csproj", "{67FB3486-5DEB-440E-B3B3-CDC6E55AE0CE}"
EndProject
Global
	GlobalSection(SolutionConfigurationPlatforms) = preSolution
		Debug|Any CPU = Debug|Any CPU
		Release|Any CPU = Release|Any CPU
	EndGlobalSection
	GlobalSection(ProjectConfigurationPlatforms) = postSolution
		{6A8E9683-762E-4E83-BD60-75822AC8265D}.Debug|Any CPU.ActiveCfg = Debug|Any CPU
		{6A8E9683-762E-4E83-BD60-75822AC8265D}.Debug|Any CPU.Build.0 = Debug|Any CPU
		{6A8E9683-762E-4E83-BD60-75822AC8265D}.Release|Any CPU.ActiveCfg = Release|Any CPU
		{6A8E9683-762E-4E83-BD60-75822AC8265D}.Release|Any CPU.Build.0 = Release|Any CPU
		{C877F308-7870-433C-AA13-DE7DBC3675B9}.Debug|Any CPU.ActiveCfg = Debug|Any CPU
		{C877F308-7870-433C-AA13-DE7DBC3675B9}.Debug|Any CPU.Build.0 = Debug|Any CPU
		{C877F308-7870-433C-AA13-DE7DBC3675B9}.Release|Any CPU.ActiveCfg = Release|Any CPU
		{C877F308-7870-433C-AA13-DE7DBC3675B9}.Release|Any CPU.Build.0 = Release|Any CPU
		{6C0F8AFA-EB48-430A-A9B2-B463B15CFE0C}.Debug|Any CPU.ActiveCfg = Debug|Any CPU
		{6C0F8AFA-EB48-430A-A9B2-B463B15CFE0C}.Debug|Any CPU.Build.0 = Debug|Any CPU
		{6C0F8AFA-EB48-430A-A9B2-B463B15CFE0C}.Release|Any CPU.ActiveCfg = Release|Any CPU
		{6C0F8AFA-EB48-430A-A9B2-B463B15CFE0C}.Release|Any CPU.Build.0 = Release|Any CPU
		{50A47D49-5E76-4531-9846-D91FD2A2A0DF}.Debug|Any CPU.ActiveCfg = Debug|Any CPU
		{50A47D49-5E76-4531-9846-D91FD2A2A0DF}.Debug|Any CPU.Build.0 = Debug|Any CPU
		{50A47D49-5E76-4531-9846-D91FD2A2A0DF}.Release|Any CPU.ActiveCfg = Release|Any CPU
		{50A47D49-5E76-4531-9846-D91FD2A2A0DF}.Release|Any CPU.Build.0 = Release|Any CPU
		{67FB3486-5DEB-440E-B3B3-CDC6E55AE0CE}.Debug|Any CPU.ActiveCfg = Debug|Any CPU
		{67FB3486-5DEB-440E-B3B3-CDC6E55AE0CE}.Debug|Any CPU.Build.0 = Debug|Any CPU
		{67FB3486-5DEB-440E-B3B3-CDC6E55AE0CE}.Release|Any CPU.ActiveCfg = Release|Any CPU
		{67FB3486-5DEB-440E-B3B3-CDC6E55AE0CE}.Release|Any CPU.Build.0 = Release|Any CPU
	EndGlobalSection
	GlobalSection(NestedProjects) = preSolution
		{6A8E9683-762E-4E83-BD60-75822AC8265D} = {E769E2A0-66AF-44D6-9300-C45D3889E06A}
		{C877F308-7870-433C-AA13-DE7DBC3675B9} = {A6C7B2CD-2199-497C-9EF5-32274390D2D7}
		{6C0F8AFA-EB48-430A-A9B2-B463B15CFE0C} = {A6C7B2CD-2199-497C-9EF5-32274390D2D7}
		{50A47D49-5E76-4531-9846-D91FD2A2A0DF} = {E769E2A0-66AF-44D6-9300-C45D3889E06A}
		{43DABB8B-B5DC-422E-A2C4-5FB2A4DF6B9C} = {9FB1E3AC-A22E-4D46-8353-BFDB8A131B62}
		{750CFDBC-E618-4CF4-B31A-89A6CF62AE15} = {43DABB8B-B5DC-422E-A2C4-5FB2A4DF6B9C}
		{BBB8552A-32D0-4EF4-BEB6-634E765CD646} = {9FB1E3AC-A22E-4D46-8353-BFDB8A131B62}
		{CDCF0D0C-594A-4A3E-A2FF-CD1A897E8B28} = {BBB8552A-32D0-4EF4-BEB6-634E765CD646}
		{1C8DB7D6-4231-4C77-BB9D-F78DB4D92779} = {CDCF0D0C-594A-4A3E-A2FF-CD1A897E8B28}
		{67FB3486-5DEB-440E-B3B3-CDC6E55AE0CE} = {302FC4AE-1929-4839-95B6-18CB0D941F11}
	EndGlobalSection
EndGlobal
